
Microsoft Visual Studio Solution File, Format Version 12.00
# Visual Studio Version 16
VisualStudioVersion = 16.0.30611.23
MinimumVisualStudioVersion = 10.0.40219.1
Project("{9A19103F-16F7-4668-BE54-9A1E7A4F7556}") = "AuthorizationService", "AuthorizationService.csproj", "{BCD7D86F-0149-45DD-9BD2-118C43B129AF}"
EndProject
Project("{FAE04EC0-301F-11D3-BF4B-00C04F79EFBC}") = "NUnitTestAuthorizationService", "..\NUnitTestAuthorizationService\NUnitTestAuthorizationService.csproj", "{1B4648D6-6F0D-43F7-80EA-7EFCCFECD705}"
EndProject
Global
	GlobalSection(SolutionConfigurationPlatforms) = preSolution
		Debug|Any CPU = Debug|Any CPU
		Release|Any CPU = Release|Any CPU
	EndGlobalSection
	GlobalSection(ProjectConfigurationPlatforms) = postSolution
		{BCD7D86F-0149-45DD-9BD2-118C43B129AF}.Debug|Any CPU.ActiveCfg = Debug|Any CPU
		{BCD7D86F-0149-45DD-9BD2-118C43B129AF}.Debug|Any CPU.Build.0 = Debug|Any CPU
		{BCD7D86F-0149-45DD-9BD2-118C43B129AF}.Release|Any CPU.ActiveCfg = Release|Any CPU
		{BCD7D86F-0149-45DD-9BD2-118C43B129AF}.Release|Any CPU.Build.0 = Release|Any CPU
		{1B4648D6-6F0D-43F7-80EA-7EFCCFECD705}.Debug|Any CPU.ActiveCfg = Debug|Any CPU
		{1B4648D6-6F0D-43F7-80EA-7EFCCFECD705}.Debug|Any CPU.Build.0 = Debug|Any CPU
		{1B4648D6-6F0D-43F7-80EA-7EFCCFECD705}.Release|Any CPU.ActiveCfg = Release|Any CPU
		{1B4648D6-6F0D-43F7-80EA-7EFCCFECD705}.Release|Any CPU.Build.0 = Release|Any CPU
	EndGlobalSection
	GlobalSection(SolutionProperties) = preSolution
		HideSolutionNode = FALSE
	EndGlobalSection
	GlobalSection(ExtensibilityGlobals) = postSolution
		SolutionGuid = {82EDFAAB-4CCF-4239-9AA6-14B90BE09936}
	EndGlobalSection
EndGlobal
