
Microsoft Visual Studio Solution File, Format Version 12.00
# Visual Studio Version 16
VisualStudioVersion = 16.0.30611.23
MinimumVisualStudioVersion = 10.0.40219.1
Project("{9A19103F-16F7-4668-BE54-9A1E7A4F7556}") = "AuditBenchmarkModule", "AuditBenchmarkModule.csproj", "{24397C68-C5F9-420F-A393-AC1DDF9DC452}"
EndProject
Project("{FAE04EC0-301F-11D3-BF4B-00C04F79EFBC}") = "AuditBenchmarkTesting", "..\AuditBenchmarkTesting\AuditBenchmarkTesting.csproj", "{5DCB0007-1309-4A7F-A63D-6FE1AD134984}"
EndProject
Global
	GlobalSection(SolutionConfigurationPlatforms) = preSolution
		Debug|Any CPU = Debug|Any CPU
		Release|Any CPU = Release|Any CPU
	EndGlobalSection
	GlobalSection(ProjectConfigurationPlatforms) = postSolution
		{24397C68-C5F9-420F-A393-AC1DDF9DC452}.Debug|Any CPU.ActiveCfg = Debug|Any CPU
		{24397C68-C5F9-420F-A393-AC1DDF9DC452}.Debug|Any CPU.Build.0 = Debug|Any CPU
		{24397C68-C5F9-420F-A393-AC1DDF9DC452}.Release|Any CPU.ActiveCfg = Release|Any CPU
		{24397C68-C5F9-420F-A393-AC1DDF9DC452}.Release|Any CPU.Build.0 = Release|Any CPU
		{5DCB0007-1309-4A7F-A63D-6FE1AD134984}.Debug|Any CPU.ActiveCfg = Debug|Any CPU
		{5DCB0007-1309-4A7F-A63D-6FE1AD134984}.Debug|Any CPU.Build.0 = Debug|Any CPU
		{5DCB0007-1309-4A7F-A63D-6FE1AD134984}.Release|Any CPU.ActiveCfg = Release|Any CPU
		{5DCB0007-1309-4A7F-A63D-6FE1AD134984}.Release|Any CPU.Build.0 = Release|Any CPU
	EndGlobalSection
	GlobalSection(SolutionProperties) = preSolution
		HideSolutionNode = FALSE
	EndGlobalSection
	GlobalSection(ExtensibilityGlobals) = postSolution
		SolutionGuid = {1F475F52-E45A-47FF-89AC-1411273811DF}
	EndGlobalSection
EndGlobal
